
Microsoft Visual Studio Solution File, Format Version 12.00
# Visual Studio Version 17
VisualStudioVersion = 17.6.33815.320
MinimumVisualStudioVersion = 10.0.40219.1
Project("{2150E333-8FDC-42A3-9474-1A3956D46DE8}") = "src", "src", "{AB9EF344-467B-4222-B06A-ACE82C0FE302}"
EndProject
Project("{2150E333-8FDC-42A3-9474-1A3956D46DE8}") = "Microservices", "Microservices", "{D6443AE9-FC93-4C0E-BA42-8C36E09AD7F2}"
EndProject
Project("{2150E333-8FDC-42A3-9474-1A3956D46DE8}") = "Identity", "Identity", "{EB025B56-4462-47E1-9200-3793ECC58820}"
EndProject
Project("{9A19103F-16F7-4668-BE54-9A1E7A4F7556}") = "Identity.API", "Identity.API\Identity.API.csproj", "{46292F42-43F2-4A5F-A5CF-2895AFF8AEE0}"
EndProject
Project("{9A19103F-16F7-4668-BE54-9A1E7A4F7556}") = "Identity.ApplicationCore", "Identity.ApplicationCore\Identity.ApplicationCore.csproj", "{F654790D-CDC0-4B19-B5CA-F074B07CC953}"
EndProject
Project("{9A19103F-16F7-4668-BE54-9A1E7A4F7556}") = "Identity.Infrastructure", "Identity.Infrastructure\Identity.Infrastructure.csproj", "{9AAE481B-1ED7-4E60-952F-729E4DD17B10}"
EndProject
Project("{E53339B2-1760-4266-BCC7-CA923CBCF16C}") = "docker-compose", "docker-compose.dcproj", "{B12D67DD-EC04-4791-AAB7-2E9234F900FE}"
EndProject
Project("{9A19103F-16F7-4668-BE54-9A1E7A4F7556}") = "Identity.Domain", "Identity.Domain\Identity.Domain.csproj", "{1854ED0E-0D85-4FB6-BC7D-F82317FD2694}"
EndProject
Project("{2150E333-8FDC-42A3-9474-1A3956D46DE8}") = "Mentors", "Mentors", "{56C09C6F-A027-458A-B461-13A37408DDD3}"
EndProject
Project("{9A19103F-16F7-4668-BE54-9A1E7A4F7556}") = "Mentors.API", "Mentors.API\Mentors.API.csproj", "{2D723AEB-E33F-4534-8EA8-539FA04B4FD9}"
EndProject
Project("{9A19103F-16F7-4668-BE54-9A1E7A4F7556}") = "Mentors.Infrastructure", "Mentors.Infrastructure\Mentors.Infrastructure.csproj", "{6DC3CB07-A007-4134-83B0-C0AF29F31BBF}"
EndProject
Project("{9A19103F-16F7-4668-BE54-9A1E7A4F7556}") = "Mentors.ApplicationCore", "Mentors.ApplicationCore\Mentors.ApplicationCore.csproj", "{382B13F1-07DA-4A56-BAFC-482E15CADE29}"
EndProject
Project("{9A19103F-16F7-4668-BE54-9A1E7A4F7556}") = "Mentors.Domain", "Mentors.Domain\Mentors.Domain.csproj", "{284E5379-C405-4299-AE5A-5F296B501954}"
EndProject
Project("{2150E333-8FDC-42A3-9474-1A3956D46DE8}") = "Booking", "Booking", "{2FE3CF4A-6F4E-47BC-9118-79E2BBCE4BCB}"
EndProject
Project("{FAE04EC0-301F-11D3-BF4B-00C04F79EFBC}") = "Booking.Domain", "Booking.Domain\Booking.Domain.csproj", "{0F03C49E-03BD-46BB-8A0B-05F6E00A0053}"
EndProject
Project("{FAE04EC0-301F-11D3-BF4B-00C04F79EFBC}") = "Booking.API", "Booking.API\Booking.API.csproj", "{99D2083D-C3C8-47C4-8925-301E4B5DBB1A}"
EndProject
Project("{FAE04EC0-301F-11D3-BF4B-00C04F79EFBC}") = "Booking.Infrastructure", "Booking.Infrastructure\Booking.Infrastructure.csproj", "{2FB16434-7509-4E13-86AE-76C673C10129}"
EndProject
Project("{FAE04EC0-301F-11D3-BF4B-00C04F79EFBC}") = "Booking.ApplicationCore", "Booking.ApplicationCore\Booking.ApplicationCore.csproj", "{F2885F6A-70C7-4459-A793-89E85E9215C4}"
EndProject
Global
	GlobalSection(SolutionConfigurationPlatforms) = preSolution
		Debug|Any CPU = Debug|Any CPU
		Release|Any CPU = Release|Any CPU
	EndGlobalSection
	GlobalSection(ProjectConfigurationPlatforms) = postSolution
		{46292F42-43F2-4A5F-A5CF-2895AFF8AEE0}.Debug|Any CPU.ActiveCfg = Debug|Any CPU
		{46292F42-43F2-4A5F-A5CF-2895AFF8AEE0}.Debug|Any CPU.Build.0 = Debug|Any CPU
		{46292F42-43F2-4A5F-A5CF-2895AFF8AEE0}.Release|Any CPU.ActiveCfg = Release|Any CPU
		{46292F42-43F2-4A5F-A5CF-2895AFF8AEE0}.Release|Any CPU.Build.0 = Release|Any CPU
		{F654790D-CDC0-4B19-B5CA-F074B07CC953}.Debug|Any CPU.ActiveCfg = Debug|Any CPU
		{F654790D-CDC0-4B19-B5CA-F074B07CC953}.Debug|Any CPU.Build.0 = Debug|Any CPU
		{F654790D-CDC0-4B19-B5CA-F074B07CC953}.Release|Any CPU.ActiveCfg = Release|Any CPU
		{F654790D-CDC0-4B19-B5CA-F074B07CC953}.Release|Any CPU.Build.0 = Release|Any CPU
		{9AAE481B-1ED7-4E60-952F-729E4DD17B10}.Debug|Any CPU.ActiveCfg = Debug|Any CPU
		{9AAE481B-1ED7-4E60-952F-729E4DD17B10}.Debug|Any CPU.Build.0 = Debug|Any CPU
		{9AAE481B-1ED7-4E60-952F-729E4DD17B10}.Release|Any CPU.ActiveCfg = Release|Any CPU
		{9AAE481B-1ED7-4E60-952F-729E4DD17B10}.Release|Any CPU.Build.0 = Release|Any CPU
		{B12D67DD-EC04-4791-AAB7-2E9234F900FE}.Debug|Any CPU.ActiveCfg = Debug|Any CPU
		{B12D67DD-EC04-4791-AAB7-2E9234F900FE}.Debug|Any CPU.Build.0 = Debug|Any CPU
		{B12D67DD-EC04-4791-AAB7-2E9234F900FE}.Release|Any CPU.ActiveCfg = Release|Any CPU
		{B12D67DD-EC04-4791-AAB7-2E9234F900FE}.Release|Any CPU.Build.0 = Release|Any CPU
		{1854ED0E-0D85-4FB6-BC7D-F82317FD2694}.Debug|Any CPU.ActiveCfg = Debug|Any CPU
		{1854ED0E-0D85-4FB6-BC7D-F82317FD2694}.Debug|Any CPU.Build.0 = Debug|Any CPU
		{1854ED0E-0D85-4FB6-BC7D-F82317FD2694}.Release|Any CPU.ActiveCfg = Release|Any CPU
		{1854ED0E-0D85-4FB6-BC7D-F82317FD2694}.Release|Any CPU.Build.0 = Release|Any CPU
		{2D723AEB-E33F-4534-8EA8-539FA04B4FD9}.Debug|Any CPU.ActiveCfg = Debug|Any CPU
		{2D723AEB-E33F-4534-8EA8-539FA04B4FD9}.Debug|Any CPU.Build.0 = Debug|Any CPU
		{2D723AEB-E33F-4534-8EA8-539FA04B4FD9}.Release|Any CPU.ActiveCfg = Release|Any CPU
		{2D723AEB-E33F-4534-8EA8-539FA04B4FD9}.Release|Any CPU.Build.0 = Release|Any CPU
		{6DC3CB07-A007-4134-83B0-C0AF29F31BBF}.Debug|Any CPU.ActiveCfg = Debug|Any CPU
		{6DC3CB07-A007-4134-83B0-C0AF29F31BBF}.Debug|Any CPU.Build.0 = Debug|Any CPU
		{6DC3CB07-A007-4134-83B0-C0AF29F31BBF}.Release|Any CPU.ActiveCfg = Release|Any CPU
		{6DC3CB07-A007-4134-83B0-C0AF29F31BBF}.Release|Any CPU.Build.0 = Release|Any CPU
		{382B13F1-07DA-4A56-BAFC-482E15CADE29}.Debug|Any CPU.ActiveCfg = Debug|Any CPU
		{382B13F1-07DA-4A56-BAFC-482E15CADE29}.Debug|Any CPU.Build.0 = Debug|Any CPU
		{382B13F1-07DA-4A56-BAFC-482E15CADE29}.Release|Any CPU.ActiveCfg = Release|Any CPU
		{382B13F1-07DA-4A56-BAFC-482E15CADE29}.Release|Any CPU.Build.0 = Release|Any CPU
		{284E5379-C405-4299-AE5A-5F296B501954}.Debug|Any CPU.ActiveCfg = Debug|Any CPU
		{284E5379-C405-4299-AE5A-5F296B501954}.Debug|Any CPU.Build.0 = Debug|Any CPU
		{284E5379-C405-4299-AE5A-5F296B501954}.Release|Any CPU.ActiveCfg = Release|Any CPU
		{284E5379-C405-4299-AE5A-5F296B501954}.Release|Any CPU.Build.0 = Release|Any CPU
		{0F03C49E-03BD-46BB-8A0B-05F6E00A0053}.Debug|Any CPU.ActiveCfg = Debug|Any CPU
		{0F03C49E-03BD-46BB-8A0B-05F6E00A0053}.Debug|Any CPU.Build.0 = Debug|Any CPU
		{0F03C49E-03BD-46BB-8A0B-05F6E00A0053}.Release|Any CPU.ActiveCfg = Release|Any CPU
		{0F03C49E-03BD-46BB-8A0B-05F6E00A0053}.Release|Any CPU.Build.0 = Release|Any CPU
		{99D2083D-C3C8-47C4-8925-301E4B5DBB1A}.Debug|Any CPU.ActiveCfg = Debug|Any CPU
		{99D2083D-C3C8-47C4-8925-301E4B5DBB1A}.Debug|Any CPU.Build.0 = Debug|Any CPU
		{99D2083D-C3C8-47C4-8925-301E4B5DBB1A}.Release|Any CPU.ActiveCfg = Release|Any CPU
		{99D2083D-C3C8-47C4-8925-301E4B5DBB1A}.Release|Any CPU.Build.0 = Release|Any CPU
		{2FB16434-7509-4E13-86AE-76C673C10129}.Debug|Any CPU.ActiveCfg = Debug|Any CPU
		{2FB16434-7509-4E13-86AE-76C673C10129}.Debug|Any CPU.Build.0 = Debug|Any CPU
		{2FB16434-7509-4E13-86AE-76C673C10129}.Release|Any CPU.ActiveCfg = Release|Any CPU
		{2FB16434-7509-4E13-86AE-76C673C10129}.Release|Any CPU.Build.0 = Release|Any CPU
		{F2885F6A-70C7-4459-A793-89E85E9215C4}.Debug|Any CPU.ActiveCfg = Debug|Any CPU
		{F2885F6A-70C7-4459-A793-89E85E9215C4}.Debug|Any CPU.Build.0 = Debug|Any CPU
		{F2885F6A-70C7-4459-A793-89E85E9215C4}.Release|Any CPU.ActiveCfg = Release|Any CPU
		{F2885F6A-70C7-4459-A793-89E85E9215C4}.Release|Any CPU.Build.0 = Release|Any CPU
	EndGlobalSection
	GlobalSection(SolutionProperties) = preSolution
		HideSolutionNode = FALSE
	EndGlobalSection
	GlobalSection(NestedProjects) = preSolution
		{D6443AE9-FC93-4C0E-BA42-8C36E09AD7F2} = {AB9EF344-467B-4222-B06A-ACE82C0FE302}
		{EB025B56-4462-47E1-9200-3793ECC58820} = {D6443AE9-FC93-4C0E-BA42-8C36E09AD7F2}
		{46292F42-43F2-4A5F-A5CF-2895AFF8AEE0} = {EB025B56-4462-47E1-9200-3793ECC58820}
		{F654790D-CDC0-4B19-B5CA-F074B07CC953} = {EB025B56-4462-47E1-9200-3793ECC58820}
		{9AAE481B-1ED7-4E60-952F-729E4DD17B10} = {EB025B56-4462-47E1-9200-3793ECC58820}
		{1854ED0E-0D85-4FB6-BC7D-F82317FD2694} = {EB025B56-4462-47E1-9200-3793ECC58820}
		{56C09C6F-A027-458A-B461-13A37408DDD3} = {D6443AE9-FC93-4C0E-BA42-8C36E09AD7F2}
		{2D723AEB-E33F-4534-8EA8-539FA04B4FD9} = {56C09C6F-A027-458A-B461-13A37408DDD3}
		{6DC3CB07-A007-4134-83B0-C0AF29F31BBF} = {56C09C6F-A027-458A-B461-13A37408DDD3}
		{382B13F1-07DA-4A56-BAFC-482E15CADE29} = {56C09C6F-A027-458A-B461-13A37408DDD3}
		{284E5379-C405-4299-AE5A-5F296B501954} = {56C09C6F-A027-458A-B461-13A37408DDD3}
		{2FE3CF4A-6F4E-47BC-9118-79E2BBCE4BCB} = {D6443AE9-FC93-4C0E-BA42-8C36E09AD7F2}
		{0F03C49E-03BD-46BB-8A0B-05F6E00A0053} = {2FE3CF4A-6F4E-47BC-9118-79E2BBCE4BCB}
		{99D2083D-C3C8-47C4-8925-301E4B5DBB1A} = {2FE3CF4A-6F4E-47BC-9118-79E2BBCE4BCB}
		{2FB16434-7509-4E13-86AE-76C673C10129} = {2FE3CF4A-6F4E-47BC-9118-79E2BBCE4BCB}
		{F2885F6A-70C7-4459-A793-89E85E9215C4} = {2FE3CF4A-6F4E-47BC-9118-79E2BBCE4BCB}
	EndGlobalSection
	GlobalSection(ExtensibilityGlobals) = postSolution
		SolutionGuid = {856D3D0C-8454-446A-AC27-63ED8EA3DA30}
	EndGlobalSection
EndGlobal
